
Microsoft Visual Studio Solution File, Format Version 12.00
# Visual Studio 15
VisualStudioVersion = 15.0.26020.0
MinimumVisualStudioVersion = 10.0.40219.1
Project("{E24C65DC-7377-472B-9ABA-BC803B73C61A}") = "基于模型的企业（MBE）镜像网站", "WebSites\基于模型的企业（MBE）镜像网站\", "{3E3B1ED4-6256-4F12-A49F-C70F1E74E94B}"
	ProjectSection(WebsiteProperties) = preProject
		SccProjectName = "SAK"
		SccAuxPath = "SAK"
		SccLocalPath = "SAK"
		SccProvider = "SAK"
		TargetFrameworkMoniker = ".NETFramework,Version%3Dv4.0"
		Debug.AspNetCompiler.VirtualPath = "/localhost_58374"
		Debug.AspNetCompiler.PhysicalPath = "WebSites\基于模型的企业（MBE）镜像网站\"
		Debug.AspNetCompiler.TargetPath = "PrecompiledWeb\localhost_58374\"
		Debug.AspNetCompiler.Updateable = "true"
		Debug.AspNetCompiler.ForceOverwrite = "true"
		Debug.AspNetCompiler.FixedNames = "false"
		Debug.AspNetCompiler.Debug = "True"
		Release.AspNetCompiler.VirtualPath = "/localhost_58374"
		Release.AspNetCompiler.PhysicalPath = "WebSites\基于模型的企业（MBE）镜像网站\"
		Release.AspNetCompiler.TargetPath = "PrecompiledWeb\localhost_58374\"
		Release.AspNetCompiler.Updateable = "true"
		Release.AspNetCompiler.ForceOverwrite = "true"
		Release.AspNetCompiler.FixedNames = "false"
		Release.AspNetCompiler.Debug = "False"
		VWDPort = "58374"
		SlnRelativePath = "WebSites\基于模型的企业（MBE）镜像网站\"
		DefaultWebSiteLanguage = "Visual C#"
	EndProjectSection
EndProject
Global
	GlobalSection(SolutionConfigurationPlatforms) = preSolution
		Debug|Any CPU = Debug|Any CPU
	EndGlobalSection
	GlobalSection(ProjectConfigurationPlatforms) = postSolution
		{3E3B1ED4-6256-4F12-A49F-C70F1E74E94B}.Debug|Any CPU.ActiveCfg = Debug|Any CPU
		{3E3B1ED4-6256-4F12-A49F-C70F1E74E94B}.Debug|Any CPU.Build.0 = Debug|Any CPU
	EndGlobalSection
	GlobalSection(SolutionProperties) = preSolution
		HideSolutionNode = FALSE
	EndGlobalSection
EndGlobal
